%{"cowboy": {:hex, :cowboy, "1.0.4", "a324a8df9f2316c833a470d918aaf73ae894278b8aa6226ce7a9bf699388f878", [:make, :rebar], [{:cowlib, "~> 1.0.0", [hex: :cowlib, optional: false]}, {:ranch, "~> 1.0", [hex: :ranch, optional: false]}]},
  "cowlib": {:hex, :cowlib, "1.0.2", "9d769a1d062c9c3ac753096f868ca121e2730b9a377de23dec0f7e08b1df84ee", [:make], []},
  "exjsx": {:hex, :exjsx, "3.2.1", "1bc5bf1e4fd249104178f0885030bcd75a4526f4d2a1e976f4b428d347614f0f", [:mix], [{:jsx, "~> 2.8.0", [hex: :jsx, optional: false]}]},
  "exmerl": {:git, "https://github.com/portatext/exmerl.git", "e66bbc50f4bac9096830ce387789acebc844cb40", [branch: "fixing_warnings_elixir_1_4_0"]},
  "ibrowse": {:git, "https://github.com/cmullaparthi/ibrowse.git", "b28542d1e326ba44bcfaf7fd6d3c7f8761d20f08", [tag: "v4.3"]},
  "jsx": {:hex, :jsx, "2.8.1", "1453b4eb3615acb3e2cd0a105d27e6761e2ed2e501ac0b390f5bbec497669846", [:mix, :rebar3], []},
  "ranch": {:hex, :ranch, "1.2.1", "a6fb992c10f2187b46ffd17ce398ddf8a54f691b81768f9ef5f461ea7e28c762", [:make], []},
  "xml_builder": {:hex, :xml_builder, "0.0.9", "68f336e8c5ba32c130d13e96a379cd77e0dbb1c5152c35a30be96c1d1566b05e", [:mix], []}}
